<?xml version="1.0" encoding="utf-8"?>
<Project ToolsVersion="4.0" xmlns="http://schemas.microsoft.com/developer/msbuild/2003">
  <ItemGroup>
    <Filter Include="headers">
      <UniqueIdentifier>{93995380-89BD-4b04-88EB-625FBE52EBFB}</UniqueIdentifier>
      <Extensions>h;hh;hpp;hxx;hm;inl;inc;ipp;xsd</Extensions>
    </Filter>
    <Filter Include="sources">
      <UniqueIdentifier>{4FC737F1-C7A5-4376-A066-2A32D752A2FF}</UniqueIdentifier>
      <Extensions>cpp;c;cc;cxx;def;odl;idl;hpj;bat;asm;asmx</Extensions>
    </Filter>
    <Filter Include="resources">
      <UniqueIdentifier>{67DA6AB6-F800-4c08-8B7A-83BB121AAD01}</UniqueIdentifier>
      <Extensions>rc;ico;cur;bmp;dlg;rc2;rct;bin;rgs;gif;jpg;jpeg;jpe;resx;tiff;tif;png;wav;mfcribbon-ms</Extensions>
    </Filter>
    <Filter Include="resources\textures">
      <UniqueIdentifier>{f98abe12-22ed-4cd0-b123-99a56d1940a2}</UniqueIdentifier>
    </Filter>
    <Filter Include="resources\textures\sky">
      <UniqueIdentifier>{6c434916-b19d-4c95-857e-c014cf659b27}</UniqueIdentifier>
    </Filter>
    <Filter Include="resources\models">
      <UniqueIdentifier>{a8665ff2-dd22-4eb6-9f65-2cb764fb5ebe}</UniqueIdentifier>
    </Filter>
  </ItemGroup>
  <ItemGroup>
    <None Include="packages.config" />
    <None Include="src\sky.fs.glsl">
      <Filter>sources</Filter>
    </None>
    <None Include="src\sky.vs.glsl">
      <Filter>sources</Filter>
    </None>
    <None Include="src\earth.vs.glsl">
      <Filter>sources</Filter>
    </None>
    <None Include="src\earth.fs.glsl">
      <Filter>sources</Filter>
    </None>
    <None Include="src\dial.vs.glsl">
      <Filter>sources</Filter>
    </None>
  </ItemGroup>
  <ItemGroup>
    <ClCompile Include="src\main.cpp">
      <Filter>sources</Filter>
    </ClCompile>
    <ClCompile Include="src\glad.c">
      <Filter>sources</Filter>
    </ClCompile>
    <ClCompile Include="src\sky.cpp">
      <Filter>sources</Filter>
    </ClCompile>
    <ClCompile Include="src\dial.cpp">
      <Filter>sources</Filter>
    </ClCompile>
    <ClCompile Include="src\earth.cpp">
      <Filter>sources</Filter>
    </ClCompile>
  </ItemGroup>
  <ItemGroup>
    <ClInclude Include="src\shader.hpp">
      <Filter>headers</Filter>
    </ClInclude>
    <ClInclude Include="src\sky.h">
      <Filter>headers</Filter>
    </ClInclude>
    <ClInclude Include="src\camera.hpp">
      <Filter>headers</Filter>
    </ClInclude>
    <ClInclude Include="resources\models\earth.inc.h">
      <Filter>resources\models</Filter>
    </ClInclude>
    <ClInclude Include="resources\models\dial.inc.h">
      <Filter>resources\models</Filter>
    </ClInclude>
    <ClInclude Include="src\dial.h">
      <Filter>headers</Filter>
    </ClInclude>
    <ClInclude Include="src\component.h">
      <Filter>headers</Filter>
    </ClInclude>
    <ClInclude Include="src\earth.h">
      <Filter>headers</Filter>
    </ClInclude>
    <ClInclude Include="src\time.hpp">
      <Filter>headers</Filter>
    </ClInclude>
  </ItemGroup>
  <ItemGroup>
    <Image Include="resources\textures\sky\back.jpg">
      <Filter>resources\textures\sky</Filter>
    </Image>
    <Image Include="resources\textures\sky\back.png">
      <Filter>resources\textures\sky</Filter>
    </Image>
    <Image Include="resources\textures\sky\bottom.jpg">
      <Filter>resources\textures\sky</Filter>
    </Image>
    <Image Include="resources\textures\sky\bottom.png">
      <Filter>resources\textures\sky</Filter>
    </Image>
    <Image Include="resources\textures\sky\front.jpg">
      <Filter>resources\textures\sky</Filter>
    </Image>
    <Image Include="resources\textures\sky\front.png">
      <Filter>resources\textures\sky</Filter>
    </Image>
    <Image Include="resources\textures\sky\left.jpg">
      <Filter>resources\textures\sky</Filter>
    </Image>
    <Image Include="resources\textures\sky\left.png">
      <Filter>resources\textures\sky</Filter>
    </Image>
    <Image Include="resources\textures\sky\right.jpg">
      <Filter>resources\textures\sky</Filter>
    </Image>
    <Image Include="resources\textures\sky\right.png">
      <Filter>resources\textures\sky</Filter>
    </Image>
    <Image Include="resources\textures\sky\top.jpg">
      <Filter>resources\textures\sky</Filter>
    </Image>
    <Image Include="resources\textures\sky\top.png">
      <Filter>resources\textures\sky</Filter>
    </Image>
  </ItemGroup>
</Project>